
Microsoft Visual Studio Solution File, Format Version 12.00
# Visual Studio 14
VisualStudioVersion = 14.0.25420.1
MinimumVisualStudioVersion = 10.0.40219.1
Project("{FAE04EC0-301F-11D3-BF4B-00C04F79EFBC}") = "applesandoranges.Api", "applesandoranges.Api\applesandoranges.Api.csproj", "{2899AB3C-81A5-4057-8B5C-A1958C95550F}"
EndProject
Project("{FAE04EC0-301F-11D3-BF4B-00C04F79EFBC}") = "applesandoranges.Api.Tests", "applesandoranges.Api.Tests\applesandoranges.Api.Tests.csproj", "{256A73DC-B2B2-4865-9D2C-743CE0F4F290}"
EndProject
Global
	GlobalSection(SolutionConfigurationPlatforms) = preSolution
		Debug|Any CPU = Debug|Any CPU
		Release|Any CPU = Release|Any CPU
	EndGlobalSection
	GlobalSection(ProjectConfigurationPlatforms) = postSolution
		{2899AB3C-81A5-4057-8B5C-A1958C95550F}.Debug|Any CPU.ActiveCfg = Debug|Any CPU
		{2899AB3C-81A5-4057-8B5C-A1958C95550F}.Debug|Any CPU.Build.0 = Debug|Any CPU
		{2899AB3C-81A5-4057-8B5C-A1958C95550F}.Release|Any CPU.ActiveCfg = Release|Any CPU
		{2899AB3C-81A5-4057-8B5C-A1958C95550F}.Release|Any CPU.Build.0 = Release|Any CPU
		{256A73DC-B2B2-4865-9D2C-743CE0F4F290}.Debug|Any CPU.ActiveCfg = Debug|Any CPU
		{256A73DC-B2B2-4865-9D2C-743CE0F4F290}.Debug|Any CPU.Build.0 = Debug|Any CPU
		{256A73DC-B2B2-4865-9D2C-743CE0F4F290}.Release|Any CPU.ActiveCfg = Release|Any CPU
		{256A73DC-B2B2-4865-9D2C-743CE0F4F290}.Release|Any CPU.Build.0 = Release|Any CPU
	EndGlobalSection
	GlobalSection(SolutionProperties) = preSolution
		HideSolutionNode = FALSE
	EndGlobalSection
EndGlobal
